// !$*UTF8*$!
{
	archiveVersion = 1;
	classes = {
	};
	objectVersion = 50;
	objects = {

/* Begin PBXBuildFile section */
		FDE94605246D894300452529 /* AppDelegate.swift in Sources */ = {isa = PBXBuildFile; fileRef = FDE94604246D894300452529 /* AppDelegate.swift */; };
		FDE94607246D894300452529 /* SceneDelegate.swift in Sources */ = {isa = PBXBuildFile; fileRef = FDE94606246D894300452529 /* SceneDelegate.swift */; };
		FDE94609246D894300452529 /* ViewController.swift in Sources */ = {isa = PBXBuildFile; fileRef = FDE94608246D894300452529 /* ViewController.swift */; };
		FDE9460C246D894300452529 /* Main.storyboard in Resources */ = {isa = PBXBuildFile; fileRef = FDE9460A246D894300452529 /* Main.storyboard */; };
		FDE9460E246D894600452529 /* Assets.xcassets in Resources */ = {isa = PBXBuildFile; fileRef = FDE9460D246D894600452529 /* Assets.xcassets */; };
		FDE94611246D894600452529 /* LaunchScreen.storyboard in Resources */ = {isa = PBXBuildFile; fileRef = FDE9460F246D894600452529 /* LaunchScreen.storyboard */; };
		FDE9461C246D894600452529 /* WordListTests.swift in Sources */ = {isa = PBXBuildFile; fileRef = FDE9461B246D894600452529 /* WordListTests.swift */; };
		FDE94627246D894600452529 /* WordListUITests.swift in Sources */ = {isa = PBXBuildFile; fileRef = FDE94626246D894600452529 /* WordListUITests.swift */; };
		FDE94638246D898B00452529 /* word_blank.png in Resources */ = {isa = PBXBuildFile; fileRef = FDE94635246D898B00452529 /* word_blank.png */; };
		FDE94639246D898B00452529 /* fin.png in Resources */ = {isa = PBXBuildFile; fileRef = FDE94636246D898B00452529 /* fin.png */; };
		FDE9463A246D898B00452529 /* title_logo.png in Resources */ = {isa = PBXBuildFile; fileRef = FDE94637246D898B00452529 /* title_logo.png */; };
		FDE9463C246D9DBB00452529 /* QuestionViewController.swift in Sources */ = {isa = PBXBuildFile; fileRef = FDE9463B246D9DBB00452529 /* QuestionViewController.swift */; };
		FDE9463E246D9DF100452529 /* FinishViewController.swift in Sources */ = {isa = PBXBuildFile; fileRef = FDE9463D246D9DF100452529 /* FinishViewController.swift */; };
		FDE94640246D9E1000452529 /* ListTableTableViewController.swift in Sources */ = {isa = PBXBuildFile; fileRef = FDE9463F246D9E1000452529 /* ListTableTableViewController.swift */; };
		FDE94642246D9E4500452529 /* AddViewController.swift in Sources */ = {isa = PBXBuildFile; fileRef = FDE94641246D9E4500452529 /* AddViewController.swift */; };
		FDE94644246E24DE00452529 /* ListTableViewCell.swift in Sources */ = {isa = PBXBuildFile; fileRef = FDE94643246E24DE00452529 /* ListTableViewCell.swift */; };
/* End PBXBuildFile section */

/* Begin PBXContainerItemProxy section */
		FDE94618246D894600452529 /* PBXContainerItemProxy */ = {
			isa = PBXContainerItemProxy;
			containerPortal = FDE945F9246D894300452529 /* Project object */;
			proxyType = 1;
			remoteGlobalIDString = FDE94600246D894300452529;
			remoteInfo = WordList;
		};
		FDE94623246D894600452529 /* PBXContainerItemProxy */ = {
			isa = PBXContainerItemProxy;
			containerPortal = FDE945F9246D894300452529 /* Project object */;
			proxyType = 1;
			remoteGlobalIDString = FDE94600246D894300452529;
			remoteInfo = WordList;
		};
/* End PBXContainerItemProxy section */

/* Begin PBXFileReference section */
		FDE94601246D894300452529 /* WordList.app */ = {isa = PBXFileReference; explicitFileType = wrapper.application; includeInIndex = 0; path = WordList.app; sourceTree = BUILT_PRODUCTS_DIR; };
		FDE94604246D894300452529 /* AppDelegate.swift */ = {isa = PBXFileReference; lastKnownFileType = sourcecode.swift; path = AppDelegate.swift; sourceTree = "<group>"; };
		FDE94606246D894300452529 /* SceneDelegate.swift */ = {isa = PBXFileReference; lastKnownFileType = sourcecode.swift; path = SceneDelegate.swift; sourceTree = "<group>"; };
		FDE94608246D894300452529 /* ViewController.swift */ = {isa = PBXFileReference; lastKnownFileType = sourcecode.swift; path = ViewController.swift; sourceTree = "<group>"; };
		FDE9460B246D894300452529 /* Base */ = {isa = PBXFileReference; lastKnownFileType = file.storyboard; name = Base; path = Base.lproj/Main.storyboard; sourceTree = "<group>"; };
		FDE9460D246D894600452529 /* Assets.xcassets */ = {isa = PBXFileReference; lastKnownFileType = folder.assetcatalog; path = Assets.xcassets; sourceTree = "<group>"; };
		FDE94610246D894600452529 /* Base */ = {isa = PBXFileReference; lastKnownFileType = file.storyboard; name = Base; path = Base.lproj/LaunchScreen.storyboard; sourceTree = "<group>"; };
		FDE94612246D894600452529 /* Info.plist */ = {isa = PBXFileReference; lastKnownFileType = text.plist.xml; path = Info.plist; sourceTree = "<group>"; };
		FDE94617246D894600452529 /* WordListTests.xctest */ = {isa = PBXFileReference; explicitFileType = wrapper.cfbundle; includeInIndex = 0; path = WordListTests.xctest; sourceTree = BUILT_PRODUCTS_DIR; };
		FDE9461B246D894600452529 /* WordListTests.swift */ = {isa = PBXFileReference; lastKnownFileType = sourcecode.swift; path = WordListTests.swift; sourceTree = "<group>"; };
		FDE9461D246D894600452529 /* Info.plist */ = {isa = PBXFileReference; lastKnownFileType = text.plist.xml; path = Info.plist; sourceTree = "<group>"; };
		FDE94622246D894600452529 /* WordListUITests.xctest */ = {isa = PBXFileReference; explicitFileType = wrapper.cfbundle; includeInIndex = 0; path = WordListUITests.xctest; sourceTree = BUILT_PRODUCTS_DIR; };
		FDE94626246D894600452529 /* WordListUITests.swift */ = {isa = PBXFileReference; lastKnownFileType = sourcecode.swift; path = WordListUITests.swift; sourceTree = "<group>"; };
		FDE94628246D894600452529 /* Info.plist */ = {isa = PBXFileReference; lastKnownFileType = text.plist.xml; path = Info.plist; sourceTree = "<group>"; };
		FDE94635246D898B00452529 /* word_blank.png */ = {isa = PBXFileReference; lastKnownFileType = image.png; path = word_blank.png; sourceTree = "<group>"; };
		FDE94636246D898B00452529 /* fin.png */ = {isa = PBXFileReference; lastKnownFileType = image.png; path = fin.png; sourceTree = "<group>"; };
		FDE94637246D898B00452529 /* title_logo.png */ = {isa = PBXFileReference; lastKnownFileType = image.png; path = title_logo.png; sourceTree = "<group>"; };
		FDE9463B246D9DBB00452529 /* QuestionViewController.swift */ = {isa = PBXFileReference; lastKnownFileType = sourcecode.swift; path = QuestionViewController.swift; sourceTree = "<group>"; };
		FDE9463D246D9DF100452529 /* FinishViewController.swift */ = {isa = PBXFileReference; lastKnownFileType = sourcecode.swift; path = FinishViewController.swift; sourceTree = "<group>"; };
		FDE9463F246D9E1000452529 /* ListTableTableViewController.swift */ = {isa = PBXFileReference; lastKnownFileType = sourcecode.swift; path = ListTableTableViewController.swift; sourceTree = "<group>"; };
		FDE94641246D9E4500452529 /* AddViewController.swift */ = {isa = PBXFileReference; lastKnownFileType = sourcecode.swift; path = AddViewController.swift; sourceTree = "<group>"; };
		FDE94643246E24DE00452529 /* ListTableViewCell.swift */ = {isa = PBXFileReference; lastKnownFileType = sourcecode.swift; path = ListTableViewCell.swift; sourceTree = "<group>"; };
/* End PBXFileReference section */

/* Begin PBXFrameworksBuildPhase section */
		FDE945FE246D894300452529 /* Frameworks */ = {
			isa = PBXFrameworksBuildPhase;
			buildActionMask = 2147483647;
			files = (
			);
			runOnlyForDeploymentPostprocessing = 0;
		};
		FDE94614246D894600452529 /* Frameworks */ = {
			isa = PBXFrameworksBuildPhase;
			buildActionMask = 2147483647;
			files = (
			);
			runOnlyForDeploymentPostprocessing = 0;
		};
		FDE9461F246D894600452529 /* Frameworks */ = {
			isa = PBXFrameworksBuildPhase;
			buildActionMask = 2147483647;
			files = (
			);
			runOnlyForDeploymentPostprocessing = 0;
		};
/* End PBXFrameworksBuildPhase section */

/* Begin PBXGroup section */
		FDE945F8246D894300452529 = {
			isa = PBXGroup;
			children = (
				FDE94603246D894300452529 /* WordList */,
				FDE9461A246D894600452529 /* WordListTests */,
				FDE94625246D894600452529 /* WordListUITests */,
				FDE94602246D894300452529 /* Products */,
			);
			sourceTree = "<group>";
		};
		FDE94602246D894300452529 /* Products */ = {
			isa = PBXGroup;
			children = (
				FDE94601246D894300452529 /* WordList.app */,
				FDE94617246D894600452529 /* WordListTests.xctest */,
				FDE94622246D894600452529 /* WordListUITests.xctest */,
			);
			name = Products;
			sourceTree = "<group>";
		};
		FDE94603246D894300452529 /* WordList */ = {
			isa = PBXGroup;
			children = (
				FDE94634246D898B00452529 /* WordList素材 */,
				FDE94604246D894300452529 /* AppDelegate.swift */,
				FDE94606246D894300452529 /* SceneDelegate.swift */,
				FDE94608246D894300452529 /* ViewController.swift */,
				FDE9460A246D894300452529 /* Main.storyboard */,
				FDE9460D246D894600452529 /* Assets.xcassets */,
				FDE9460F246D894600452529 /* LaunchScreen.storyboard */,
				FDE94612246D894600452529 /* Info.plist */,
				FDE9463B246D9DBB00452529 /* QuestionViewController.swift */,
				FDE9463D246D9DF100452529 /* FinishViewController.swift */,
				FDE9463F246D9E1000452529 /* ListTableTableViewController.swift */,
				FDE94641246D9E4500452529 /* AddViewController.swift */,
				FDE94643246E24DE00452529 /* ListTableViewCell.swift */,
			);
			path = WordList;
			sourceTree = "<group>";
		};
		FDE9461A246D894600452529 /* WordListTests */ = {
			isa = PBXGroup;
			children = (
				FDE9461B246D894600452529 /* WordListTests.swift */,
				FDE9461D246D894600452529 /* Info.plist */,
			);
			path = WordListTests;
			sourceTree = "<group>";
		};
		FDE94625246D894600452529 /* WordListUITests */ = {
			isa = PBXGroup;
			children = (
				FDE94626246D894600452529 /* WordListUITests.swift */,
				FDE94628246D894600452529 /* Info.plist */,
			);
			path = WordListUITests;
			sourceTree = "<group>";
		};
		FDE94634246D898B00452529 /* WordList素材 */ = {
			isa = PBXGroup;
			children = (
				FDE94635246D898B00452529 /* word_blank.png */,
				FDE94636246D898B00452529 /* fin.png */,
				FDE94637246D898B00452529 /* title_logo.png */,
			);
			path = "WordList素材";
			sourceTree = "<group>";
		};
/* End PBXGroup section */

/* Begin PBXNativeTarget section */
		FDE94600246D894300452529 /* WordList */ = {
			isa = PBXNativeTarget;
			buildConfigurationList = FDE9462B246D894600452529 /* Build configuration list for PBXNativeTarget "WordList" */;
			buildPhases = (
				FDE945FD246D894300452529 /* Sources */,
				FDE945FE246D894300452529 /* Frameworks */,
				FDE945FF246D894300452529 /* Resources */,
			);
			buildRules = (
			);
			dependencies = (
			);
			name = WordList;
			productName = WordList;
			productReference = FDE94601246D894300452529 /* WordList.app */;
			productType = "com.apple.product-type.application";
		};
		FDE94616246D894600452529 /* WordListTests */ = {
			isa = PBXNativeTarget;
			buildConfigurationList = FDE9462E246D894600452529 /* Build configuration list for PBXNativeTarget "WordListTests" */;
			buildPhases = (
				FDE94613246D894600452529 /* Sources */,
				FDE94614246D894600452529 /* Frameworks */,
				FDE94615246D894600452529 /* Resources */,
			);
			buildRules = (
			);
			dependencies = (
				FDE94619246D894600452529 /* PBXTargetDependency */,
			);
			name = WordListTests;
			productName = WordListTests;
			productReference = FDE94617246D894600452529 /* WordListTests.xctest */;
			productType = "com.apple.product-type.bundle.unit-test";
		};
		FDE94621246D894600452529 /* WordListUITests */ = {
			isa = PBXNativeTarget;
			buildConfigurationList = FDE94631246D894600452529 /* Build configuration list for PBXNativeTarget "WordListUITests" */;
			buildPhases = (
				FDE9461E246D894600452529 /* Sources */,
				FDE9461F246D894600452529 /* Frameworks */,
				FDE94620246D894600452529 /* Resources */,
			);
			buildRules = (
			);
			dependencies = (
				FDE94624246D894600452529 /* PBXTargetDependency */,
			);
			name = WordListUITests;
			productName = WordListUITests;
			productReference = FDE94622246D894600452529 /* WordListUITests.xctest */;
			productType = "com.apple.product-type.bundle.ui-testing";
		};
/* End PBXNativeTarget section */

/* Begin PBXProject section */
		FDE945F9246D894300452529 /* Project object */ = {
			isa = PBXProject;
			attributes = {
				LastSwiftUpdateCheck = 1140;
				LastUpgradeCheck = 1140;
				ORGANIZATIONNAME = "清水拓郎";
				TargetAttributes = {
					FDE94600246D894300452529 = {
						CreatedOnToolsVersion = 11.4.1;
					};
					FDE94616246D894600452529 = {
						CreatedOnToolsVersion = 11.4.1;
						TestTargetID = FDE94600246D894300452529;
					};
					FDE94621246D894600452529 = {
						CreatedOnToolsVersion = 11.4.1;
						TestTargetID = FDE94600246D894300452529;
					};
				};
			};
			buildConfigurationList = FDE945FC246D894300452529 /* Build configuration list for PBXProject "WordList" */;
			compatibilityVersion = "Xcode 9.3";
			developmentRegion = en;
			hasScannedForEncodings = 0;
			knownRegions = (
				en,
				Base,
			);
			mainGroup = FDE945F8246D894300452529;
			productRefGroup = FDE94602246D894300452529 /* Products */;
			projectDirPath = "";
			projectRoot = "";
			targets = (
				FDE94600246D894300452529 /* WordList */,
				FDE94616246D894600452529 /* WordListTests */,
				FDE94621246D894600452529 /* WordListUITests */,
			);
		};
/* End PBXProject section */

/* Begin PBXResourcesBuildPhase section */
		FDE945FF246D894300452529 /* Resources */ = {
			isa = PBXResourcesBuildPhase;
			buildActionMask = 2147483647;
			files = (
				FDE94638246D898B00452529 /* word_blank.png in Resources */,
				FDE9463A246D898B00452529 /* title_logo.png in Resources */,
				FDE94611246D894600452529 /* LaunchScreen.storyboard in Resources */,
				FDE9460E246D894600452529 /* Assets.xcassets in Resources */,
				FDE94639246D898B00452529 /* fin.png in Resources */,
				FDE9460C246D894300452529 /* Main.storyboard in Resources */,
			);
			runOnlyForDeploymentPostprocessing = 0;
		};
		FDE94615246D894600452529 /* Resources */ = {
			isa = PBXResourcesBuildPhase;
			buildActionMask = 2147483647;
			files = (
			);
			runOnlyForDeploymentPostprocessing = 0;
		};
		FDE94620246D894600452529 /* Resources */ = {
			isa = PBXResourcesBuildPhase;
			buildActionMask = 2147483647;
			files = (
			);
			runOnlyForDeploymentPostprocessing = 0;
		};
/* End PBXResourcesBuildPhase section */

/* Begin PBXSourcesBuildPhase section */
		FDE945FD246D894300452529 /* Sources */ = {
			isa = PBXSourcesBuildPhase;
			buildActionMask = 2147483647;
			files = (
				FDE9463E246D9DF100452529 /* FinishViewController.swift in Sources */,
				FDE94644246E24DE00452529 /* ListTableViewCell.swift in Sources */,
				FDE94609246D894300452529 /* ViewController.swift in Sources */,
				FDE94642246D9E4500452529 /* AddViewController.swift in Sources */,
				FDE94605246D894300452529 /* AppDelegate.swift in Sources */,
				FDE9463C246D9DBB00452529 /* QuestionViewController.swift in Sources */,
				FDE94640246D9E1000452529 /* ListTableTableViewController.swift in Sources */,
				FDE94607246D894300452529 /* SceneDelegate.swift in Sources */,
			);
			runOnlyForDeploymentPostprocessing = 0;
		};
		FDE94613246D894600452529 /* Sources */ = {
			isa = PBXSourcesBuildPhase;
			buildActionMask = 2147483647;
			files = (
				FDE9461C246D894600452529 /* WordListTests.swift in Sources */,
			);
			runOnlyForDeploymentPostprocessing = 0;
		};
		FDE9461E246D894600452529 /* Sources */ = {
			isa = PBXSourcesBuildPhase;
			buildActionMask = 2147483647;
			files = (
				FDE94627246D894600452529 /* WordListUITests.swift in Sources */,
			);
			runOnlyForDeploymentPostprocessing = 0;
		};
/* End PBXSourcesBuildPhase section */

/* Begin PBXTargetDependency section */
		FDE94619246D894600452529 /* PBXTargetDependency */ = {
			isa = PBXTargetDependency;
			target = FDE94600246D894300452529 /* WordList */;
			targetProxy = FDE94618246D894600452529 /* PBXContainerItemProxy */;
		};
		FDE94624246D894600452529 /* PBXTargetDependency */ = {
			isa = PBXTargetDependency;
			target = FDE94600246D894300452529 /* WordList */;
			targetProxy = FDE94623246D894600452529 /* PBXContainerItemProxy */;
		};
/* End PBXTargetDependency section */

/* Begin PBXVariantGroup section */
		FDE9460A246D894300452529 /* Main.storyboard */ = {
			isa = PBXVariantGroup;
			children = (
				FDE9460B246D894300452529 /* Base */,
			);
			name = Main.storyboard;
			sourceTree = "<group>";
		};
		FDE9460F246D894600452529 /* LaunchScreen.storyboard */ = {
			isa = PBXVariantGroup;
			children = (
				FDE94610246D894600452529 /* Base */,
			);
			name = LaunchScreen.storyboard;
			sourceTree = "<group>";
		};
/* End PBXVariantGroup section */

/* Begin XCBuildConfiguration section */
		FDE94629246D894600452529 /* Debug */ = {
			isa = XCBuildConfiguration;
			buildSettings = {
				ALWAYS_SEARCH_USER_PATHS = NO;
				CLANG_ANALYZER_NONNULL = YES;
				CLANG_ANALYZER_NUMBER_OBJECT_CONVERSION = YES_AGGRESSIVE;
				CLANG_CXX_LANGUAGE_STANDARD = "gnu++14";
				CLANG_CXX_LIBRARY = "libc++";
				CLANG_ENABLE_MODULES = YES;
				CLANG_ENABLE_OBJC_ARC = YES;
				CLANG_ENABLE_OBJC_WEAK = YES;
				CLANG_WARN_BLOCK_CAPTURE_AUTORELEASING = YES;
				CLANG_WARN_BOOL_CONVERSION = YES;
				CLANG_WARN_COMMA = YES;
				CLANG_WARN_CONSTANT_CONVERSION = YES;
				CLANG_WARN_DEPRECATED_OBJC_IMPLEMENTATIONS = YES;
				CLANG_WARN_DIRECT_OBJC_ISA_USAGE = YES_ERROR;
				CLANG_WARN_DOCUMENTATION_COMMENTS = YES;
				CLANG_WARN_EMPTY_BODY = YES;
				CLANG_WARN_ENUM_CONVERSION = YES;
				CLANG_WARN_INFINITE_RECURSION = YES;
				CLANG_WARN_INT_CONVERSION = YES;
				CLANG_WARN_NON_LITERAL_NULL_CONVERSION = YES;
				CLANG_WARN_OBJC_IMPLICIT_RETAIN_SELF = YES;
				CLANG_WARN_OBJC_LITERAL_CONVERSION = YES;
				CLANG_WARN_OBJC_ROOT_CLASS = YES_ERROR;
				CLANG_WARN_RANGE_LOOP_ANALYSIS = YES;
				CLANG_WARN_STRICT_PROTOTYPES = YES;
				CLANG_WARN_SUSPICIOUS_MOVE = YES;
				CLANG_WARN_UNGUARDED_AVAILABILITY = YES_AGGRESSIVE;
				CLANG_WARN_UNREACHABLE_CODE = YES;
				CLANG_WARN__DUPLICATE_METHOD_MATCH = YES;
				COPY_PHASE_STRIP = NO;
				DEBUG_INFORMATION_FORMAT = dwarf;
				ENABLE_STRICT_OBJC_MSGSEND = YES;
				ENABLE_TESTABILITY = YES;
				GCC_C_LANGUAGE_STANDARD = gnu11;
				GCC_DYNAMIC_NO_PIC = NO;
				GCC_NO_COMMON_BLOCKS = YES;
				GCC_OPTIMIZATION_LEVEL = 0;
				GCC_PREPROCESSOR_DEFINITIONS = (
					"DEBUG=1",
					"$(inherited)",
				);
				GCC_WARN_64_TO_32_BIT_CONVERSION = YES;
				GCC_WARN_ABOUT_RETURN_TYPE = YES_ERROR;
				GCC_WARN_UNDECLARED_SELECTOR = YES;
				GCC_WARN_UNINITIALIZED_AUTOS = YES_AGGRESSIVE;
				GCC_WARN_UNUSED_FUNCTION = YES;
				GCC_WARN_UNUSED_VARIABLE = YES;
				IPHONEOS_DEPLOYMENT_TARGET = 13.4;
				MTL_ENABLE_DEBUG_INFO = INCLUDE_SOURCE;
				MTL_FAST_MATH = YES;
				ONLY_ACTIVE_ARCH = YES;
				SDKROOT = iphoneos;
				SWIFT_ACTIVE_COMPILATION_CONDITIONS = DEBUG;
				SWIFT_OPTIMIZATION_LEVEL = "-Onone";
			};
			name = Debug;
		};
		FDE9462A246D894600452529 /* Release */ = {
			isa = XCBuildConfiguration;
			buildSettings = {
				ALWAYS_SEARCH_USER_PATHS = NO;
				CLANG_ANALYZER_NONNULL = YES;
				CLANG_ANALYZER_NUMBER_OBJECT_CONVERSION = YES_AGGRESSIVE;
				CLANG_CXX_LANGUAGE_STANDARD = "gnu++14";
				CLANG_CXX_LIBRARY = "libc++";
				CLANG_ENABLE_MODULES = YES;
				CLANG_ENABLE_OBJC_ARC = YES;
				CLANG_ENABLE_OBJC_WEAK = YES;
				CLANG_WARN_BLOCK_CAPTURE_AUTORELEASING = YES;
				CLANG_WARN_BOOL_CONVERSION = YES;
				CLANG_WARN_COMMA = YES;
				CLANG_WARN_CONSTANT_CONVERSION = YES;
				CLANG_WARN_DEPRECATED_OBJC_IMPLEMENTATIONS = YES;
				CLANG_WARN_DIRECT_OBJC_ISA_USAGE = YES_ERROR;
				CLANG_WARN_DOCUMENTATION_COMMENTS = YES;
				CLANG_WARN_EMPTY_BODY = YES;
				CLANG_WARN_ENUM_CONVERSION = YES;
				CLANG_WARN_INFINITE_RECURSION = YES;
				CLANG_WARN_INT_CONVERSION = YES;
				CLANG_WARN_NON_LITERAL_NULL_CONVERSION = YES;
				CLANG_WARN_OBJC_IMPLICIT_RETAIN_SELF = YES;
				CLANG_WARN_OBJC_LITERAL_CONVERSION = YES;
				CLANG_WARN_OBJC_ROOT_CLASS = YES_ERROR;
				CLANG_WARN_RANGE_LOOP_ANALYSIS = YES;
				CLANG_WARN_STRICT_PROTOTYPES = YES;
				CLANG_WARN_SUSPICIOUS_MOVE = YES;
				CLANG_WARN_UNGUARDED_AVAILABILITY = YES_AGGRESSIVE;
				CLANG_WARN_UNREACHABLE_CODE = YES;
				CLANG_WARN__DUPLICATE_METHOD_MATCH = YES;
				COPY_PHASE_STRIP = NO;
				DEBUG_INFORMATION_FORMAT = "dwarf-with-dsym";
				ENABLE_NS_ASSERTIONS = NO;
				ENABLE_STRICT_OBJC_MSGSEND = YES;
				GCC_C_LANGUAGE_STANDARD = gnu11;
				GCC_NO_COMMON_BLOCKS = YES;
				GCC_WARN_64_TO_32_BIT_CONVERSION = YES;
				GCC_WARN_ABOUT_RETURN_TYPE = YES_ERROR;
				GCC_WARN_UNDECLARED_SELECTOR = YES;
				GCC_WARN_UNINITIALIZED_AUTOS = YES_AGGRESSIVE;
				GCC_WARN_UNUSED_FUNCTION = YES;
				GCC_WARN_UNUSED_VARIABLE = YES;
				IPHONEOS_DEPLOYMENT_TARGET = 13.4;
				MTL_ENABLE_DEBUG_INFO = NO;
				MTL_FAST_MATH = YES;
				SDKROOT = iphoneos;
				SWIFT_COMPILATION_MODE = wholemodule;
				SWIFT_OPTIMIZATION_LEVEL = "-O";
				VALIDATE_PRODUCT = YES;
			};
			name = Release;
		};
		FDE9462C246D894600452529 /* Debug */ = {
			isa = XCBuildConfiguration;
			buildSettings = {
				ASSETCATALOG_COMPILER_APPICON_NAME = AppIcon;
				CODE_SIGN_STYLE = Automatic;
				INFOPLIST_FILE = WordList/Info.plist;
				LD_RUNPATH_SEARCH_PATHS = (
					"$(inherited)",
					"@executable_path/Frameworks",
				);
				PRODUCT_BUNDLE_IDENTIFIER = app.shimizu.taku.WordList;
				PRODUCT_NAME = "$(TARGET_NAME)";
				SWIFT_VERSION = 5.0;
				TARGETED_DEVICE_FAMILY = "1,2";
			};
			name = Debug;
		};
		FDE9462D246D894600452529 /* Release */ = {
			isa = XCBuildConfiguration;
			buildSettings = {
				ASSETCATALOG_COMPILER_APPICON_NAME = AppIcon;
				CODE_SIGN_STYLE = Automatic;
				INFOPLIST_FILE = WordList/Info.plist;
				LD_RUNPATH_SEARCH_PATHS = (
					"$(inherited)",
					"@executable_path/Frameworks",
				);
				PRODUCT_BUNDLE_IDENTIFIER = app.shimizu.taku.WordList;
				PRODUCT_NAME = "$(TARGET_NAME)";
				SWIFT_VERSION = 5.0;
				TARGETED_DEVICE_FAMILY = "1,2";
			};
			name = Release;
		};
		FDE9462F246D894600452529 /* Debug */ = {
			isa = XCBuildConfiguration;
			buildSettings = {
				ALWAYS_EMBED_SWIFT_STANDARD_LIBRARIES = YES;
				BUNDLE_LOADER = "$(TEST_HOST)";
				CODE_SIGN_STYLE = Automatic;
				INFOPLIST_FILE = WordListTests/Info.plist;
				IPHONEOS_DEPLOYMENT_TARGET = 13.4;
				LD_RUNPATH_SEARCH_PATHS = (
					"$(inherited)",
					"@executable_path/Frameworks",
					"@loader_path/Frameworks",
				);
				PRODUCT_BUNDLE_IDENTIFIER = app.shimizu.taku.WordListTests;
				PRODUCT_NAME = "$(TARGET_NAME)";
				SWIFT_VERSION = 5.0;
				TARGETED_DEVICE_FAMILY = "1,2";
				TEST_HOST = "$(BUILT_PRODUCTS_DIR)/WordList.app/WordList";
			};
			name = Debug;
		};
		FDE94630246D894600452529 /* Release */ = {
			isa = XCBuildConfiguration;
			buildSettings = {
				ALWAYS_EMBED_SWIFT_STANDARD_LIBRARIES = YES;
				BUNDLE_LOADER = "$(TEST_HOST)";
				CODE_SIGN_STYLE = Automatic;
				INFOPLIST_FILE = WordListTests/Info.plist;
				IPHONEOS_DEPLOYMENT_TARGET = 13.4;
				LD_RUNPATH_SEARCH_PATHS = (
					"$(inherited)",
					"@executable_path/Frameworks",
					"@loader_path/Frameworks",
				);
				PRODUCT_BUNDLE_IDENTIFIER = app.shimizu.taku.WordListTests;
				PRODUCT_NAME = "$(TARGET_NAME)";
				SWIFT_VERSION = 5.0;
				TARGETED_DEVICE_FAMILY = "1,2";
				TEST_HOST = "$(BUILT_PRODUCTS_DIR)/WordList.app/WordList";
			};
			name = Release;
		};
		FDE94632246D894600452529 /* Debug */ = {
			isa = XCBuildConfiguration;
			buildSettings = {
				ALWAYS_EMBED_SWIFT_STANDARD_LIBRARIES = YES;
				CODE_SIGN_STYLE = Automatic;
				INFOPLIST_FILE = WordListUITests/Info.plist;
				LD_RUNPATH_SEARCH_PATHS = (
					"$(inherited)",
					"@executable_path/Frameworks",
					"@loader_path/Frameworks",
				);
				PRODUCT_BUNDLE_IDENTIFIER = app.shimizu.taku.WordListUITests;
				PRODUCT_NAME = "$(TARGET_NAME)";
				SWIFT_VERSION = 5.0;
				TARGETED_DEVICE_FAMILY = "1,2";
				TEST_TARGET_NAME = WordList;
			};
			name = Debug;
		};
		FDE94633246D894600452529 /* Release */ = {
			isa = XCBuildConfiguration;
			buildSettings = {
				ALWAYS_EMBED_SWIFT_STANDARD_LIBRARIES = YES;
				CODE_SIGN_STYLE = Automatic;
				INFOPLIST_FILE = WordListUITests/Info.plist;
				LD_RUNPATH_SEARCH_PATHS = (
					"$(inherited)",
					"@executable_path/Frameworks",
					"@loader_path/Frameworks",
				);
				PRODUCT_BUNDLE_IDENTIFIER = app.shimizu.taku.WordListUITests;
				PRODUCT_NAME = "$(TARGET_NAME)";
				SWIFT_VERSION = 5.0;
				TARGETED_DEVICE_FAMILY = "1,2";
				TEST_TARGET_NAME = WordList;
			};
			name = Release;
		};
/* End XCBuildConfiguration section */

/* Begin XCConfigurationList section */
		FDE945FC246D894300452529 /* Build configuration list for PBXProject "WordList" */ = {
			isa = XCConfigurationList;
			buildConfigurations = (
				FDE94629246D894600452529 /* Debug */,
				FDE9462A246D894600452529 /* Release */,
			);
			defaultConfigurationIsVisible = 0;
			defaultConfigurationName = Release;
		};
		FDE9462B246D894600452529 /* Build configuration list for PBXNativeTarget "WordList" */ = {
			isa = XCConfigurationList;
			buildConfigurations = (
				FDE9462C246D894600452529 /* Debug */,
				FDE9462D246D894600452529 /* Release */,
			);
			defaultConfigurationIsVisible = 0;
			defaultConfigurationName = Release;
		};
		FDE9462E246D894600452529 /* Build configuration list for PBXNativeTarget "WordListTests" */ = {
			isa = XCConfigurationList;
			buildConfigurations = (
				FDE9462F246D894600452529 /* Debug */,
				FDE94630246D894600452529 /* Release */,
			);
			defaultConfigurationIsVisible = 0;
			defaultConfigurationName = Release;
		};
		FDE94631246D894600452529 /* Build configuration list for PBXNativeTarget "WordListUITests" */ = {
			isa = XCConfigurationList;
			buildConfigurations = (
				FDE94632246D894600452529 /* Debug */,
				FDE94633246D894600452529 /* Release */,
			);
			defaultConfigurationIsVisible = 0;
			defaultConfigurationName = Release;
		};
/* End XCConfigurationList section */
	};
	rootObject = FDE945F9246D894300452529 /* Project object */;
}
